{
	"name": "ELang",
	"version": "0.0.1",
	"lockfileVersion": 3,
	"requires": true,
	"packages": {
		"": {
			"name": "ELang",
			"version": "0.0.1",
			"license": "MIT",
			"devDependencies": {
				"@biomejs/biome": "^2.0.5",
				"@typescript/native-preview": "^7.0.0-dev.20250625.1"
			},
			"engines": {
				"node": ">=20.x",
				"npm": ">=9.x"
			}
		},
		"node_modules/@biomejs/biome": {
			"version": "2.0.5",
			"resolved": "https://registry.npmjs.org/@biomejs/biome/-/biome-2.0.5.tgz",
			"integrity": "sha512-MztFGhE6cVjf3QmomWu83GpTFyWY8KIcskgRf2AqVEMSH4qI4rNdBLdpAQ11TNK9pUfLGz3IIOC1ZYwgBePtig==",
			"dev": true,
			"license": "MIT OR Apache-2.0",
			"bin": {
				"biome": "bin/biome"
			},
			"engines": {
				"node": ">=14.21.3"
			},
			"funding": {
				"type": "opencollective",
				"url": "https://opencollective.com/biome"
			},
			"optionalDependencies": {
				"@biomejs/cli-darwin-arm64": "2.0.5",
				"@biomejs/cli-darwin-x64": "2.0.5",
				"@biomejs/cli-linux-arm64": "2.0.5",
				"@biomejs/cli-linux-arm64-musl": "2.0.5",
				"@biomejs/cli-linux-x64": "2.0.5",
				"@biomejs/cli-linux-x64-musl": "2.0.5",
				"@biomejs/cli-win32-arm64": "2.0.5",
				"@biomejs/cli-win32-x64": "2.0.5"
			}
		},
		"node_modules/@biomejs/cli-darwin-arm64": {
			"version": "2.0.5",
			"resolved": "https://registry.npmjs.org/@biomejs/cli-darwin-arm64/-/cli-darwin-arm64-2.0.5.tgz",
			"integrity": "sha512-VIIWQv9Rcj9XresjCf3isBFfWjFStsdGZvm8SmwJzKs/22YQj167ge7DkxuaaZbNf2kmYif0AcjAKvtNedEoEw==",
			"cpu": [
				"arm64"
			],
			"dev": true,
			"license": "MIT OR Apache-2.0",
			"optional": true,
			"os": [
				"darwin"
			],
			"engines": {
				"node": ">=14.21.3"
			}
		},
		"node_modules/@biomejs/cli-darwin-x64": {
			"version": "2.0.5",
			"resolved": "https://registry.npmjs.org/@biomejs/cli-darwin-x64/-/cli-darwin-x64-2.0.5.tgz",
			"integrity": "sha512-DRpGxBgf5Z7HUFcNUB6n66UiD4VlBlMpngNf32wPraxX8vYU6N9cb3xQWOXIQVBBQ64QfsSLJnjNu79i/LNmSg==",
			"cpu": [
				"x64"
			],
			"dev": true,
			"license": "MIT OR Apache-2.0",
			"optional": true,
			"os": [
				"darwin"
			],
			"engines": {
				"node": ">=14.21.3"
			}
		},
		"node_modules/@biomejs/cli-linux-arm64": {
			"version": "2.0.5",
			"resolved": "https://registry.npmjs.org/@biomejs/cli-linux-arm64/-/cli-linux-arm64-2.0.5.tgz",
			"integrity": "sha512-FQTfDNMXOknf8+g9Eede2daaduRjTC2SNbfWPNFMadN9K3UKjeZ62jwiYxztPaz9zQQsZU8VbddQIaeQY5CmIA==",
			"cpu": [
				"arm64"
			],
			"dev": true,
			"license": "MIT OR Apache-2.0",
			"optional": true,
			"os": [
				"linux"
			],
			"engines": {
				"node": ">=14.21.3"
			}
		},
		"node_modules/@biomejs/cli-linux-arm64-musl": {
			"version": "2.0.5",
			"resolved": "https://registry.npmjs.org/@biomejs/cli-linux-arm64-musl/-/cli-linux-arm64-musl-2.0.5.tgz",
			"integrity": "sha512-OpflTCOw/ElEs7QZqN/HFaSViPHjAsAPxFJ22LhWUWvuJgcy/Z8+hRV0/3mk/ZRWy5A6fCDKHZqAxU+xB6W4mA==",
			"cpu": [
				"arm64"
			],
			"dev": true,
			"license": "MIT OR Apache-2.0",
			"optional": true,
			"os": [
				"linux"
			],
			"engines": {
				"node": ">=14.21.3"
			}
		},
		"node_modules/@biomejs/cli-linux-x64": {
			"version": "2.0.5",
			"resolved": "https://registry.npmjs.org/@biomejs/cli-linux-x64/-/cli-linux-x64-2.0.5.tgz",
			"integrity": "sha512-znpfydUDPuDkyBTulnODrQVK2FaG/4hIOPcQSsF2GeauQOYrBAOplj0etGB0NUrr0dFsvaQ15nzDXYb60ACoiw==",
			"cpu": [
				"x64"
			],
			"dev": true,
			"license": "MIT OR Apache-2.0",
			"optional": true,
			"os": [
				"linux"
			],
			"engines": {
				"node": ">=14.21.3"
			}
		},
		"node_modules/@biomejs/cli-linux-x64-musl": {
			"version": "2.0.5",
			"resolved": "https://registry.npmjs.org/@biomejs/cli-linux-x64-musl/-/cli-linux-x64-musl-2.0.5.tgz",
			"integrity": "sha512-9lmjCnajAzpZXbav2P6D87ugkhnaDpJtDvOH5uQbY2RXeW6Rq18uOUltxgacGBP+d8GusTr+s3IFOu7SN0Ok8g==",
			"cpu": [
				"x64"
			],
			"dev": true,
			"license": "MIT OR Apache-2.0",
			"optional": true,
			"os": [
				"linux"
			],
			"engines": {
				"node": ">=14.21.3"
			}
		},
		"node_modules/@biomejs/cli-win32-arm64": {
			"version": "2.0.5",
			"resolved": "https://registry.npmjs.org/@biomejs/cli-win32-arm64/-/cli-win32-arm64-2.0.5.tgz",
			"integrity": "sha512-CP2wKQB+gh8HdJTFKYRFETqReAjxlcN9AlYDEoye8v2eQp+L9v+PUeDql/wsbaUhSsLR0sjj3PtbBtt+02AN3A==",
			"cpu": [
				"arm64"
			],
			"dev": true,
			"license": "MIT OR Apache-2.0",
			"optional": true,
			"os": [
				"win32"
			],
			"engines": {
				"node": ">=14.21.3"
			}
		},
		"node_modules/@biomejs/cli-win32-x64": {
			"version": "2.0.5",
			"resolved": "https://registry.npmjs.org/@biomejs/cli-win32-x64/-/cli-win32-x64-2.0.5.tgz",
			"integrity": "sha512-Sw3rz2m6bBADeQpr3+MD7Ch4E1l15DTt/+dfqKnwkm3cn4BrYwnArmvKeZdVsFRDjMyjlKIP88bw1r7o+9aqzw==",
			"cpu": [
				"x64"
			],
			"dev": true,
			"license": "MIT OR Apache-2.0",
			"optional": true,
			"os": [
				"win32"
			],
			"engines": {
				"node": ">=14.21.3"
			}
		},
		"node_modules/@typescript/native-preview": {
			"version": "7.0.0-dev.20250625.1",
			"resolved": "https://registry.npmjs.org/@typescript/native-preview/-/native-preview-7.0.0-dev.20250625.1.tgz",
			"integrity": "sha512-7781zmsKURCHknc37H4U4la4kZduyxmmUshZLBzNhPHhV5DKo++K8MF69kxhRG3/vS4HBhozf0YI0mZMIbkSDA==",
			"dev": true,
			"license": "Apache-2.0",
			"bin": {
				"tsgo": "bin/tsgo.js"
			},
			"engines": {
				"node": ">=20.6.0"
			},
			"optionalDependencies": {
				"@typescript/native-preview-darwin-arm64": "7.0.0-dev.20250625.1",
				"@typescript/native-preview-darwin-x64": "7.0.0-dev.20250625.1",
				"@typescript/native-preview-linux-arm": "7.0.0-dev.20250625.1",
				"@typescript/native-preview-linux-arm64": "7.0.0-dev.20250625.1",
				"@typescript/native-preview-linux-x64": "7.0.0-dev.20250625.1",
				"@typescript/native-preview-win32-arm64": "7.0.0-dev.20250625.1",
				"@typescript/native-preview-win32-x64": "7.0.0-dev.20250625.1"
			}
		},
		"node_modules/@typescript/native-preview-darwin-arm64": {
			"version": "7.0.0-dev.20250625.1",
			"resolved": "https://registry.npmjs.org/@typescript/native-preview-darwin-arm64/-/native-preview-darwin-arm64-7.0.0-dev.20250625.1.tgz",
			"integrity": "sha512-JcLCql0O6+0iHIMllvax02kqpNtY1RUckGKomuO5kSbrOo9PsR+6r5MEcspfj47gwOl7AS0vrGhBCFFogF+KGw==",
			"cpu": [
				"arm64"
			],
			"dev": true,
			"license": "Apache-2.0",
			"optional": true,
			"os": [
				"darwin"
			],
			"engines": {
				"node": ">=20.6.0"
			}
		},
		"node_modules/@typescript/native-preview-darwin-x64": {
			"version": "7.0.0-dev.20250625.1",
			"resolved": "https://registry.npmjs.org/@typescript/native-preview-darwin-x64/-/native-preview-darwin-x64-7.0.0-dev.20250625.1.tgz",
			"integrity": "sha512-0vCkk3FdS92W625JyzA8Slu/0vgkeu10fRQNfgIbf+E29DKMKnwXW56WhHSdGXAivU44Mewwc589+CbsABq3Sw==",
			"cpu": [
				"x64"
			],
			"dev": true,
			"license": "Apache-2.0",
			"optional": true,
			"os": [
				"darwin"
			],
			"engines": {
				"node": ">=20.6.0"
			}
		},
		"node_modules/@typescript/native-preview-linux-arm": {
			"version": "7.0.0-dev.20250625.1",
			"resolved": "https://registry.npmjs.org/@typescript/native-preview-linux-arm/-/native-preview-linux-arm-7.0.0-dev.20250625.1.tgz",
			"integrity": "sha512-MumU7p+09ikH/x5IOJRV6DUj6N5/0kSlI4IsAUPtpT2WGkQdDtL2CC523/94YvOfWB1/+9r01636LVCGOJ135g==",
			"cpu": [
				"arm"
			],
			"dev": true,
			"license": "Apache-2.0",
			"optional": true,
			"os": [
				"linux"
			],
			"engines": {
				"node": ">=20.6.0"
			}
		},
		"node_modules/@typescript/native-preview-linux-arm64": {
			"version": "7.0.0-dev.20250625.1",
			"resolved": "https://registry.npmjs.org/@typescript/native-preview-linux-arm64/-/native-preview-linux-arm64-7.0.0-dev.20250625.1.tgz",
			"integrity": "sha512-IgnoWQSKeoeL7Y7tvlbcDQx0nidK3UWa/bbm1zJv+AfQlAGMrEMygp+ZzocmycUCYOVM0dcIbymjoiI/QRHTng==",
			"cpu": [
				"arm64"
			],
			"dev": true,
			"license": "Apache-2.0",
			"optional": true,
			"os": [
				"linux"
			],
			"engines": {
				"node": ">=20.6.0"
			}
		},
		"node_modules/@typescript/native-preview-linux-x64": {
			"version": "7.0.0-dev.20250625.1",
			"resolved": "https://registry.npmjs.org/@typescript/native-preview-linux-x64/-/native-preview-linux-x64-7.0.0-dev.20250625.1.tgz",
			"integrity": "sha512-6fE8piqPfzPPqmQ37ewTSbm4HW0cNqOEhfLG2F37zJd4525mefhIpWvj2iCkEHWp+BDlF2dYCbB4cY2nmfrNNw==",
			"cpu": [
				"x64"
			],
			"dev": true,
			"license": "Apache-2.0",
			"optional": true,
			"os": [
				"linux"
			],
			"engines": {
				"node": ">=20.6.0"
			}
		},
		"node_modules/@typescript/native-preview-win32-arm64": {
			"version": "7.0.0-dev.20250625.1",
			"resolved": "https://registry.npmjs.org/@typescript/native-preview-win32-arm64/-/native-preview-win32-arm64-7.0.0-dev.20250625.1.tgz",
			"integrity": "sha512-ppCkjBAFotPxL8j9Vk5cNSwMreOvAt02AMa5Hko3JQGSVA2TQCIlvTFn+SHSIWzYbzomc9j4j5WOcOR0rmAAHg==",
			"cpu": [
				"arm64"
			],
			"dev": true,
			"license": "Apache-2.0",
			"optional": true,
			"os": [
				"win32"
			],
			"engines": {
				"node": ">=20.6.0"
			}
		},
		"node_modules/@typescript/native-preview-win32-x64": {
			"version": "7.0.0-dev.20250625.1",
			"resolved": "https://registry.npmjs.org/@typescript/native-preview-win32-x64/-/native-preview-win32-x64-7.0.0-dev.20250625.1.tgz",
			"integrity": "sha512-BsnJqso5MKAW4Y7fPmcamJ+EIrWOTqwLjeZP74NNFvTqCsA4RkITCw4NpLwD0lzrv9VsQcQ+bNwB8DrT+oDqoQ==",
			"cpu": [
				"x64"
			],
			"dev": true,
			"license": "Apache-2.0",
			"optional": true,
			"os": [
				"win32"
			],
			"engines": {
				"node": ">=20.6.0"
			}
		}
	}
}
